github.com/carlmjohnson/requests v0.23.5 h1:NPANcAofwwSuC6SIMwlgmHry2V3pLrSqRiSBKYbNHHA=
github.com/carlmjohnson/requests v0.23.5/go.mod h1:zG9P28thdRnN61aD7iECFhH5iGGKX2jIjKQD9kqYH+o=
github.com/davecheney/i2c v0.0.0-20140823063045-caf08501bef2 h1:dJlrNN+WwRQae3jpM5U4K/YEug8H70UJ81qFTIW8OWw=
github.com/davecheney/i2c v0.0.0-20140823063045-caf08501bef2/go.mod h1:dLsKZHRI/M1y9t45kzobSt8ozHf+wsCe+ahxsg51Vy0=
github.com/sakaisatoru/go_radio_raspi/mpvctl v0.0.0-20241028134331-40808f1af03d h1:2D19EdHixIPBzThnKNxXrpTb9ni4vpIQKQIP5nKfxlU=
github.com/sakaisatoru/go_radio_raspi/mpvctl v0.0.0-20241028134331-40808f1af03d/go.mod h1:SdJprvL02ZKKclojN0fo5lx21EXHDVpoosT02bzcQdM=
github.com/sakaisatoru/go_radio_raspi/netradio v0.0.0-20241028134331-40808f1af03d h1:ZYu54d0cZc5wvJi9uMpCTiIWiRSpoCngaMtsfSrHoBI=
github.com/sakaisatoru/go_radio_raspi/netradio v0.0.0-20241028134331-40808f1af03d/go.mod h1:r83PXdrcnzKD7FGS4mI2F/syjzvjZ7K9pQp2qWkJ7Ns=
github.com/sakaisatoru/go_radio_raspi/rotaryencoder v0.0.0-20241028134331-40808f1af03d h1:0piUOVg5ruboWgfZ2rgozZx4/Le1KVfKjFv3i5GQXEs=
github.com/sakaisatoru/go_radio_raspi/rotaryencoder v0.0.0-20241028134331-40808f1af03d/go.mod h1:LFeJpsbnLtRkMxxhtH+HK1f3PM/XiPKuMlRGeGKSNfI=
github.com/stianeikeland/go-rpio/v4 v4.6.0 h1:eAJgtw3jTtvn/CqwbC82ntcS+dtzUTgo5qlZKe677EY=
github.com/stianeikeland/go-rpio/v4 v4.6.0/go.mod h1:A3GvHxC1Om5zaId+HqB3HKqx4K/AqeckxB7qRjxMK7o=
golang.org/x/net v0.15.0 h1:ugBLEUaxABaB5AJqW9enI0ACdci2RUd4eP51NTBvuJ8=
golang.org/x/net v0.15.0/go.mod h1:idbUs1IY1+zTqbi8yxTbhexhEEk5ur9LInksu6HrEpk=
